Microsoft Visual Studio Solution File, Format Version 12.00
# Visual Studio 15
Project("{2150E333-8FDC-42A3-9474-1A3956D46DE8}") = "CMakePredefinedTargets", "CMakePredefinedTargets", "{A8FA6FCC-2905-370A-8566-A05D3EC37B1E}"
EndProject
Project("{2150E333-8FDC-42A3-9474-1A3956D46DE8}") = "DesignPattern", "DesignPattern", "{261B24F1-80A8-3DBC-BFC8-CF19B952696B}"
EndProject
Project("{2150E333-8FDC-42A3-9474-1A3956D46DE8}") = "TemplatePattern", "TemplatePattern", "{AAEA2F09-672C-387E-9C8E-4AAB4ABDA362}"
EndProject
Project("{8BC9CEB8-8B4A-11D0-8D11-00A0C91BC942}") = "ALL_BUILD", "ALL_BUILD.vcxproj", "{15880B2F-17C5-3BCF-A23A-D9D6092D2118}"
	ProjectSection(ProjectDependencies) = postProject
		{40E234F1-1F8C-3311-B567-7C52B5F4B72D} = {40E234F1-1F8C-3311-B567-7C52B5F4B72D}
		{8EBB77E8-FEF9-3116-8A91-9669C9C9B734} = {8EBB77E8-FEF9-3116-8A91-9669C9C9B734}
		{76889924-A6A6-3EA0-B147-99D693851752} = {76889924-A6A6-3EA0-B147-99D693851752}
		{D02B7D00-8F2C-3480-9BBF-EE019B7A4E50} = {D02B7D00-8F2C-3480-9BBF-EE019B7A4E50}
		{33486127-CA4E-3423-82C9-4EBCD0C29462} = {33486127-CA4E-3423-82C9-4EBCD0C29462}
		{CE8268F1-062D-3B17-B4A7-B9B308543127} = {CE8268F1-062D-3B17-B4A7-B9B308543127}
		{CE790B93-A507-3054-83F9-2FA075873AB5} = {CE790B93-A507-3054-83F9-2FA075873AB5}
		{931266DD-70C9-3C00-84F0-70DEF59E2EC3} = {931266DD-70C9-3C00-84F0-70DEF59E2EC3}
		{4C946C33-57D7-35C8-9039-44DE095DA792} = {4C946C33-57D7-35C8-9039-44DE095DA792}
		{45EC1A6C-FF82-312E-BE52-C3C26B6D3C34} = {45EC1A6C-FF82-312E-BE52-C3C26B6D3C34}
		{FF3A1945-1A32-3D2B-90BA-C2DC520FCB95} = {FF3A1945-1A32-3D2B-90BA-C2DC520FCB95}
		{1C398B99-BB94-3C22-8064-04F749F93BDE} = {1C398B99-BB94-3C22-8064-04F749F93BDE}
		{9C82FA7D-F1BD-3986-A5B9-BA1C0C65F525} = {9C82FA7D-F1BD-3986-A5B9-BA1C0C65F525}
		{1F8F23DC-D142-3C16-8DE9-B91A29D86077} = {1F8F23DC-D142-3C16-8DE9-B91A29D86077}
		{3E32B89A-766A-31CB-BB3B-A06C4CED0861} = {3E32B89A-766A-31CB-BB3B-A06C4CED0861}
		{940361FB-2D4B-3B71-808A-1F04E76DB3EA} = {940361FB-2D4B-3B71-808A-1F04E76DB3EA}
		{76CC60B8-A004-3AC8-9F9E-455625F799F2} = {76CC60B8-A004-3AC8-9F9E-455625F799F2}
		{05EC76D4-498E-31CA-888E-F27CF7D62371} = {05EC76D4-498E-31CA-888E-F27CF7D62371}
		{984370C1-32BC-3593-AA0F-599E76517733} = {984370C1-32BC-3593-AA0F-599E76517733}
		{C25F66DC-B900-337D-9BC3-D1E1A0823021} = {C25F66DC-B900-337D-9BC3-D1E1A0823021}
		{431F56B7-B7B8-3465-981D-C1B925F6F83F} = {431F56B7-B7B8-3465-981D-C1B925F6F83F}
		{5AF4A504-B276-3D93-91CA-91DD19F6D21F} = {5AF4A504-B276-3D93-91CA-91DD19F6D21F}
		{A4B6B303-7BF4-3173-B329-4B916FF49EE6} = {A4B6B303-7BF4-3173-B329-4B916FF49EE6}
		{4B1AE87E-9A0E-3415-B494-A4B73A925004} = {4B1AE87E-9A0E-3415-B494-A4B73A925004}
		{0168AD53-C11E-311D-98B1-2D8F8B8B361B} = {0168AD53-C11E-311D-98B1-2D8F8B8B361B}
		{87E3D3FA-CD73-302B-B2EA-CCCDF2C69A64} = {87E3D3FA-CD73-302B-B2EA-CCCDF2C69A64}
		{6CBFA268-DA1F-34AA-9866-4E3AC853A7DF} = {6CBFA268-DA1F-34AA-9866-4E3AC853A7DF}
		{BFBF7660-A90A-37F9-BC4D-C72473ABE46C} = {BFBF7660-A90A-37F9-BC4D-C72473ABE46C}
	EndProjectSection
EndProject
Project("{8BC9CEB8-8B4A-11D0-8D11-00A0C91BC942}") = "AbstractFactory", "code\Create\AbstractFactory\AbstractFactory.vcxproj", "{40E234F1-1F8C-3311-B567-7C52B5F4B72D}"
	ProjectSection(ProjectDependencies) = postProject
		{BFBF7660-A90A-37F9-BC4D-C72473ABE46C} = {BFBF7660-A90A-37F9-BC4D-C72473ABE46C}
	EndProjectSection
EndProject
Project("{8BC9CEB8-8B4A-11D0-8D11-00A0C91BC942}") = "Adapter_01", "code\Struct\Adapter_01\Adapter_01.vcxproj", "{8EBB77E8-FEF9-3116-8A91-9669C9C9B734}"
	ProjectSection(ProjectDependencies) = postProject
		{BFBF7660-A90A-37F9-BC4D-C72473ABE46C} = {BFBF7660-A90A-37F9-BC4D-C72473ABE46C}
	EndProjectSection
EndProject
Project("{8BC9CEB8-8B4A-11D0-8D11-00A0C91BC942}") = "Adapter_02", "code\Struct\Adapter_02\Adapter_02.vcxproj", "{76889924-A6A6-3EA0-B147-99D693851752}"
	ProjectSection(ProjectDependencies) = postProject
		{BFBF7660-A90A-37F9-BC4D-C72473ABE46C} = {BFBF7660-A90A-37F9-BC4D-C72473ABE46C}
	EndProjectSection
EndProject
Project("{8BC9CEB8-8B4A-11D0-8D11-00A0C91BC942}") = "Bridge", "code\Struct\Bridge\Bridge.vcxproj", "{D02B7D00-8F2C-3480-9BBF-EE019B7A4E50}"
	ProjectSection(ProjectDependencies) = postProject
		{BFBF7660-A90A-37F9-BC4D-C72473ABE46C} = {BFBF7660-A90A-37F9-BC4D-C72473ABE46C}
	EndProjectSection
EndProject
Project("{8BC9CEB8-8B4A-11D0-8D11-00A0C91BC942}") = "Builder", "code\Create\Builder\Builder.vcxproj", "{33486127-CA4E-3423-82C9-4EBCD0C29462}"
	ProjectSection(ProjectDependencies) = postProject
		{BFBF7660-A90A-37F9-BC4D-C72473ABE46C} = {BFBF7660-A90A-37F9-BC4D-C72473ABE46C}
	EndProjectSection
EndProject
Project("{8BC9CEB8-8B4A-11D0-8D11-00A0C91BC942}") = "Command", "code\Behavior\Command\Command.vcxproj", "{CE8268F1-062D-3B17-B4A7-B9B308543127}"
	ProjectSection(ProjectDependencies) = postProject
		{BFBF7660-A90A-37F9-BC4D-C72473ABE46C} = {BFBF7660-A90A-37F9-BC4D-C72473ABE46C}
	EndProjectSection
EndProject
Project("{8BC9CEB8-8B4A-11D0-8D11-00A0C91BC942}") = "Composite", "code\Struct\Composite\Composite.vcxproj", "{CE790B93-A507-3054-83F9-2FA075873AB5}"
	ProjectSection(ProjectDependencies) = postProject
		{BFBF7660-A90A-37F9-BC4D-C72473ABE46C} = {BFBF7660-A90A-37F9-BC4D-C72473ABE46C}
	EndProjectSection
EndProject
Project("{8BC9CEB8-8B4A-11D0-8D11-00A0C91BC942}") = "Decorator", "code\Struct\Decorator\Decorator.vcxproj", "{931266DD-70C9-3C00-84F0-70DEF59E2EC3}"
	ProjectSection(ProjectDependencies) = postProject
		{BFBF7660-A90A-37F9-BC4D-C72473ABE46C} = {BFBF7660-A90A-37F9-BC4D-C72473ABE46C}
	EndProjectSection
EndProject
Project("{8BC9CEB8-8B4A-11D0-8D11-00A0C91BC942}") = "Facade", "code\Struct\Facade\Facade.vcxproj", "{4C946C33-57D7-35C8-9039-44DE095DA792}"
	ProjectSection(ProjectDependencies) = postProject
		{BFBF7660-A90A-37F9-BC4D-C72473ABE46C} = {BFBF7660-A90A-37F9-BC4D-C72473ABE46C}
	EndProjectSection
EndProject
Project("{8BC9CEB8-8B4A-11D0-8D11-00A0C91BC942}") = "FactoryMethod", "code\Create\FactoryMethod\FactoryMethod.vcxproj", "{45EC1A6C-FF82-312E-BE52-C3C26B6D3C34}"
	ProjectSection(ProjectDependencies) = postProject
		{BFBF7660-A90A-37F9-BC4D-C72473ABE46C} = {BFBF7660-A90A-37F9-BC4D-C72473ABE46C}
	EndProjectSection
EndProject
Project("{8BC9CEB8-8B4A-11D0-8D11-00A0C91BC942}") = "FlyWeight", "code\Struct\FlyWeight\FlyWeight.vcxproj", "{FF3A1945-1A32-3D2B-90BA-C2DC520FCB95}"
	ProjectSection(ProjectDependencies) = postProject
		{BFBF7660-A90A-37F9-BC4D-C72473ABE46C} = {BFBF7660-A90A-37F9-BC4D-C72473ABE46C}
	EndProjectSection
EndProject
Project("{8BC9CEB8-8B4A-11D0-8D11-00A0C91BC942}") = "Interpreter", "code\Behavior\Interpreter\Interpreter.vcxproj", "{1C398B99-BB94-3C22-8064-04F749F93BDE}"
	ProjectSection(ProjectDependencies) = postProject
		{BFBF7660-A90A-37F9-BC4D-C72473ABE46C} = {BFBF7660-A90A-37F9-BC4D-C72473ABE46C}
	EndProjectSection
EndProject
Project("{8BC9CEB8-8B4A-11D0-8D11-00A0C91BC942}") = "Iterator", "code\Behavior\Iterator\Iterator.vcxproj", "{9C82FA7D-F1BD-3986-A5B9-BA1C0C65F525}"
	ProjectSection(ProjectDependencies) = postProject
		{BFBF7660-A90A-37F9-BC4D-C72473ABE46C} = {BFBF7660-A90A-37F9-BC4D-C72473ABE46C}
	EndProjectSection
EndProject
Project("{8BC9CEB8-8B4A-11D0-8D11-00A0C91BC942}") = "Mediator", "code\Behavior\Mediator\Mediator.vcxproj", "{1F8F23DC-D142-3C16-8DE9-B91A29D86077}"
	ProjectSection(ProjectDependencies) = postProject
		{BFBF7660-A90A-37F9-BC4D-C72473ABE46C} = {BFBF7660-A90A-37F9-BC4D-C72473ABE46C}
	EndProjectSection
EndProject
Project("{8BC9CEB8-8B4A-11D0-8D11-00A0C91BC942}") = "Memento", "code\Behavior\Memento\Memento.vcxproj", "{3E32B89A-766A-31CB-BB3B-A06C4CED0861}"
	ProjectSection(ProjectDependencies) = postProject
		{BFBF7660-A90A-37F9-BC4D-C72473ABE46C} = {BFBF7660-A90A-37F9-BC4D-C72473ABE46C}
	EndProjectSection
EndProject
Project("{8BC9CEB8-8B4A-11D0-8D11-00A0C91BC942}") = "Observer", "code\Behavior\Observer\Observer.vcxproj", "{940361FB-2D4B-3B71-808A-1F04E76DB3EA}"
	ProjectSection(ProjectDependencies) = postProject
		{BFBF7660-A90A-37F9-BC4D-C72473ABE46C} = {BFBF7660-A90A-37F9-BC4D-C72473ABE46C}
	EndProjectSection
EndProject
Project("{8BC9CEB8-8B4A-11D0-8D11-00A0C91BC942}") = "ObserverTemplate", "Template\Behavior\ObserverTemplate\ObserverTemplate.vcxproj", "{76CC60B8-A004-3AC8-9F9E-455625F799F2}"
	ProjectSection(ProjectDependencies) = postProject
		{BFBF7660-A90A-37F9-BC4D-C72473ABE46C} = {BFBF7660-A90A-37F9-BC4D-C72473ABE46C}
	EndProjectSection
EndProject
Project("{8BC9CEB8-8B4A-11D0-8D11-00A0C91BC942}") = "Prototype", "code\Create\Prototype\Prototype.vcxproj", "{05EC76D4-498E-31CA-888E-F27CF7D62371}"
	ProjectSection(ProjectDependencies) = postProject
		{BFBF7660-A90A-37F9-BC4D-C72473ABE46C} = {BFBF7660-A90A-37F9-BC4D-C72473ABE46C}
	EndProjectSection
EndProject
Project("{8BC9CEB8-8B4A-11D0-8D11-00A0C91BC942}") = "Proxy", "code\Struct\Proxy\Proxy.vcxproj", "{984370C1-32BC-3593-AA0F-599E76517733}"
	ProjectSection(ProjectDependencies) = postProject
		{BFBF7660-A90A-37F9-BC4D-C72473ABE46C} = {BFBF7660-A90A-37F9-BC4D-C72473ABE46C}
	EndProjectSection
EndProject
Project("{8BC9CEB8-8B4A-11D0-8D11-00A0C91BC942}") = "RUN_TESTS", "RUN_TESTS.vcxproj", "{E960C3DB-2AF9-3E16-BDA0-F4C47A0CD12F}"
	ProjectSection(ProjectDependencies) = postProject
		{BFBF7660-A90A-37F9-BC4D-C72473ABE46C} = {BFBF7660-A90A-37F9-BC4D-C72473ABE46C}
	EndProjectSection
EndProject
Project("{8BC9CEB8-8B4A-11D0-8D11-00A0C91BC942}") = "ResponsibilityChain", "code\Behavior\ResponsibilityChain\ResponsibilityChain.vcxproj", "{C25F66DC-B900-337D-9BC3-D1E1A0823021}"
	ProjectSection(ProjectDependencies) = postProject
		{BFBF7660-A90A-37F9-BC4D-C72473ABE46C} = {BFBF7660-A90A-37F9-BC4D-C72473ABE46C}
	EndProjectSection
EndProject
Project("{8BC9CEB8-8B4A-11D0-8D11-00A0C91BC942}") = "Singleton", "code\Create\Singleton\Singleton.vcxproj", "{431F56B7-B7B8-3465-981D-C1B925F6F83F}"
	ProjectSection(ProjectDependencies) = postProject
		{BFBF7660-A90A-37F9-BC4D-C72473ABE46C} = {BFBF7660-A90A-37F9-BC4D-C72473ABE46C}
	EndProjectSection
EndProject
Project("{8BC9CEB8-8B4A-11D0-8D11-00A0C91BC942}") = "SingletonTemplate", "Template\Create\SingletonTemplate\SingletonTemplate.vcxproj", "{5AF4A504-B276-3D93-91CA-91DD19F6D21F}"
	ProjectSection(ProjectDependencies) = postProject
		{BFBF7660-A90A-37F9-BC4D-C72473ABE46C} = {BFBF7660-A90A-37F9-BC4D-C72473ABE46C}
	EndProjectSection
EndProject
Project("{8BC9CEB8-8B4A-11D0-8D11-00A0C91BC942}") = "Singleton_Practise", "code\Create\Singleton_Practise\Singleton_Practise.vcxproj", "{A4B6B303-7BF4-3173-B329-4B916FF49EE6}"
	ProjectSection(ProjectDependencies) = postProject
		{BFBF7660-A90A-37F9-BC4D-C72473ABE46C} = {BFBF7660-A90A-37F9-BC4D-C72473ABE46C}
	EndProjectSection
EndProject
Project("{8BC9CEB8-8B4A-11D0-8D11-00A0C91BC942}") = "State", "code\Behavior\State\State.vcxproj", "{4B1AE87E-9A0E-3415-B494-A4B73A925004}"
	ProjectSection(ProjectDependencies) = postProject
		{BFBF7660-A90A-37F9-BC4D-C72473ABE46C} = {BFBF7660-A90A-37F9-BC4D-C72473ABE46C}
	EndProjectSection
EndProject
Project("{8BC9CEB8-8B4A-11D0-8D11-00A0C91BC942}") = "Strategy", "code\Behavior\Strategy\Strategy.vcxproj", "{0168AD53-C11E-311D-98B1-2D8F8B8B361B}"
	ProjectSection(ProjectDependencies) = postProject
		{BFBF7660-A90A-37F9-BC4D-C72473ABE46C} = {BFBF7660-A90A-37F9-BC4D-C72473ABE46C}
	EndProjectSection
EndProject
Project("{8BC9CEB8-8B4A-11D0-8D11-00A0C91BC942}") = "TemplateMethod", "code\Behavior\TemplateMethod\TemplateMethod.vcxproj", "{87E3D3FA-CD73-302B-B2EA-CCCDF2C69A64}"
	ProjectSection(ProjectDependencies) = postProject
		{BFBF7660-A90A-37F9-BC4D-C72473ABE46C} = {BFBF7660-A90A-37F9-BC4D-C72473ABE46C}
	EndProjectSection
EndProject
Project("{8BC9CEB8-8B4A-11D0-8D11-00A0C91BC942}") = "Visitor", "code\Behavior\Visitor\Visitor.vcxproj", "{6CBFA268-DA1F-34AA-9866-4E3AC853A7DF}"
	ProjectSection(ProjectDependencies) = postProject
		{BFBF7660-A90A-37F9-BC4D-C72473ABE46C} = {BFBF7660-A90A-37F9-BC4D-C72473ABE46C}
	EndProjectSection
EndProject
Project("{8BC9CEB8-8B4A-11D0-8D11-00A0C91BC942}") = "ZERO_CHECK", "ZERO_CHECK.vcxproj", "{BFBF7660-A90A-37F9-BC4D-C72473ABE46C}"
	ProjectSection(ProjectDependencies) = postProject
	EndProjectSection
EndProject
Global
	GlobalSection(SolutionConfigurationPlatforms) = preSolution
		Debug|Win32 = Debug|Win32
		Release|Win32 = Release|Win32
		MinSizeRel|Win32 = MinSizeRel|Win32
		RelWithDebInfo|Win32 = RelWithDebInfo|Win32
	EndGlobalSection
	GlobalSection(ProjectConfigurationPlatforms) = postSolution
		{15880B2F-17C5-3BCF-A23A-D9D6092D2118}.Debug|Win32.ActiveCfg = Debug|Win32
		{15880B2F-17C5-3BCF-A23A-D9D6092D2118}.Release|Win32.ActiveCfg = Release|Win32
		{15880B2F-17C5-3BCF-A23A-D9D6092D2118}.MinSizeRel|Win32.ActiveCfg = MinSizeRel|Win32
		{15880B2F-17C5-3BCF-A23A-D9D6092D2118}.RelWithDebInfo|Win32.ActiveCfg = RelWithDebInfo|Win32
		{40E234F1-1F8C-3311-B567-7C52B5F4B72D}.Debug|Win32.ActiveCfg = Debug|Win32
		{40E234F1-1F8C-3311-B567-7C52B5F4B72D}.Debug|Win32.Build.0 = Debug|Win32
		{40E234F1-1F8C-3311-B567-7C52B5F4B72D}.Release|Win32.ActiveCfg = Release|Win32
		{40E234F1-1F8C-3311-B567-7C52B5F4B72D}.Release|Win32.Build.0 = Release|Win32
		{40E234F1-1F8C-3311-B567-7C52B5F4B72D}.MinSizeRel|Win32.ActiveCfg = MinSizeRel|Win32
		{40E234F1-1F8C-3311-B567-7C52B5F4B72D}.MinSizeRel|Win32.Build.0 = MinSizeRel|Win32
		{40E234F1-1F8C-3311-B567-7C52B5F4B72D}.RelWithDebInfo|Win32.ActiveCfg = RelWithDebInfo|Win32
		{40E234F1-1F8C-3311-B567-7C52B5F4B72D}.RelWithDebInfo|Win32.Build.0 = RelWithDebInfo|Win32
		{8EBB77E8-FEF9-3116-8A91-9669C9C9B734}.Debug|Win32.ActiveCfg = Debug|Win32
		{8EBB77E8-FEF9-3116-8A91-9669C9C9B734}.Debug|Win32.Build.0 = Debug|Win32
		{8EBB77E8-FEF9-3116-8A91-9669C9C9B734}.Release|Win32.ActiveCfg = Release|Win32
		{8EBB77E8-FEF9-3116-8A91-9669C9C9B734}.Release|Win32.Build.0 = Release|Win32
		{8EBB77E8-FEF9-3116-8A91-9669C9C9B734}.MinSizeRel|Win32.ActiveCfg = MinSizeRel|Win32
		{8EBB77E8-FEF9-3116-8A91-9669C9C9B734}.MinSizeRel|Win32.Build.0 = MinSizeRel|Win32
		{8EBB77E8-FEF9-3116-8A91-9669C9C9B734}.RelWithDebInfo|Win32.ActiveCfg = RelWithDebInfo|Win32
		{8EBB77E8-FEF9-3116-8A91-9669C9C9B734}.RelWithDebInfo|Win32.Build.0 = RelWithDebInfo|Win32
		{76889924-A6A6-3EA0-B147-99D693851752}.Debug|Win32.ActiveCfg = Debug|Win32
		{76889924-A6A6-3EA0-B147-99D693851752}.Debug|Win32.Build.0 = Debug|Win32
		{76889924-A6A6-3EA0-B147-99D693851752}.Release|Win32.ActiveCfg = Release|Win32
		{76889924-A6A6-3EA0-B147-99D693851752}.Release|Win32.Build.0 = Release|Win32
		{76889924-A6A6-3EA0-B147-99D693851752}.MinSizeRel|Win32.ActiveCfg = MinSizeRel|Win32
		{76889924-A6A6-3EA0-B147-99D693851752}.MinSizeRel|Win32.Build.0 = MinSizeRel|Win32
		{76889924-A6A6-3EA0-B147-99D693851752}.RelWithDebInfo|Win32.ActiveCfg = RelWithDebInfo|Win32
		{76889924-A6A6-3EA0-B147-99D693851752}.RelWithDebInfo|Win32.Build.0 = RelWithDebInfo|Win32
		{D02B7D00-8F2C-3480-9BBF-EE019B7A4E50}.Debug|Win32.ActiveCfg = Debug|Win32
		{D02B7D00-8F2C-3480-9BBF-EE019B7A4E50}.Debug|Win32.Build.0 = Debug|Win32
		{D02B7D00-8F2C-3480-9BBF-EE019B7A4E50}.Release|Win32.ActiveCfg = Release|Win32
		{D02B7D00-8F2C-3480-9BBF-EE019B7A4E50}.Release|Win32.Build.0 = Release|Win32
		{D02B7D00-8F2C-3480-9BBF-EE019B7A4E50}.MinSizeRel|Win32.ActiveCfg = MinSizeRel|Win32
		{D02B7D00-8F2C-3480-9BBF-EE019B7A4E50}.MinSizeRel|Win32.Build.0 = MinSizeRel|Win32
		{D02B7D00-8F2C-3480-9BBF-EE019B7A4E50}.RelWithDebInfo|Win32.ActiveCfg = RelWithDebInfo|Win32
		{D02B7D00-8F2C-3480-9BBF-EE019B7A4E50}.RelWithDebInfo|Win32.Build.0 = RelWithDebInfo|Win32
		{33486127-CA4E-3423-82C9-4EBCD0C29462}.Debug|Win32.ActiveCfg = Debug|Win32
		{33486127-CA4E-3423-82C9-4EBCD0C29462}.Debug|Win32.Build.0 = Debug|Win32
		{33486127-CA4E-3423-82C9-4EBCD0C29462}.Release|Win32.ActiveCfg = Release|Win32
		{33486127-CA4E-3423-82C9-4EBCD0C29462}.Release|Win32.Build.0 = Release|Win32
		{33486127-CA4E-3423-82C9-4EBCD0C29462}.MinSizeRel|Win32.ActiveCfg = MinSizeRel|Win32
		{33486127-CA4E-3423-82C9-4EBCD0C29462}.MinSizeRel|Win32.Build.0 = MinSizeRel|Win32
		{33486127-CA4E-3423-82C9-4EBCD0C29462}.RelWithDebInfo|Win32.ActiveCfg = RelWithDebInfo|Win32
		{33486127-CA4E-3423-82C9-4EBCD0C29462}.RelWithDebInfo|Win32.Build.0 = RelWithDebInfo|Win32
		{CE8268F1-062D-3B17-B4A7-B9B308543127}.Debug|Win32.ActiveCfg = Debug|Win32
		{CE8268F1-062D-3B17-B4A7-B9B308543127}.Debug|Win32.Build.0 = Debug|Win32
		{CE8268F1-062D-3B17-B4A7-B9B308543127}.Release|Win32.ActiveCfg = Release|Win32
		{CE8268F1-062D-3B17-B4A7-B9B308543127}.Release|Win32.Build.0 = Release|Win32
		{CE8268F1-062D-3B17-B4A7-B9B308543127}.MinSizeRel|Win32.ActiveCfg = MinSizeRel|Win32
		{CE8268F1-062D-3B17-B4A7-B9B308543127}.MinSizeRel|Win32.Build.0 = MinSizeRel|Win32
		{CE8268F1-062D-3B17-B4A7-B9B308543127}.RelWithDebInfo|Win32.ActiveCfg = RelWithDebInfo|Win32
		{CE8268F1-062D-3B17-B4A7-B9B308543127}.RelWithDebInfo|Win32.Build.0 = RelWithDebInfo|Win32
		{CE790B93-A507-3054-83F9-2FA075873AB5}.Debug|Win32.ActiveCfg = Debug|Win32
		{CE790B93-A507-3054-83F9-2FA075873AB5}.Debug|Win32.Build.0 = Debug|Win32
		{CE790B93-A507-3054-83F9-2FA075873AB5}.Release|Win32.ActiveCfg = Release|Win32
		{CE790B93-A507-3054-83F9-2FA075873AB5}.Release|Win32.Build.0 = Release|Win32
		{CE790B93-A507-3054-83F9-2FA075873AB5}.MinSizeRel|Win32.ActiveCfg = MinSizeRel|Win32
		{CE790B93-A507-3054-83F9-2FA075873AB5}.MinSizeRel|Win32.Build.0 = MinSizeRel|Win32
		{CE790B93-A507-3054-83F9-2FA075873AB5}.RelWithDebInfo|Win32.ActiveCfg = RelWithDebInfo|Win32
		{CE790B93-A507-3054-83F9-2FA075873AB5}.RelWithDebInfo|Win32.Build.0 = RelWithDebInfo|Win32
		{931266DD-70C9-3C00-84F0-70DEF59E2EC3}.Debug|Win32.ActiveCfg = Debug|Win32
		{931266DD-70C9-3C00-84F0-70DEF59E2EC3}.Debug|Win32.Build.0 = Debug|Win32
		{931266DD-70C9-3C00-84F0-70DEF59E2EC3}.Release|Win32.ActiveCfg = Release|Win32
		{931266DD-70C9-3C00-84F0-70DEF59E2EC3}.Release|Win32.Build.0 = Release|Win32
		{931266DD-70C9-3C00-84F0-70DEF59E2EC3}.MinSizeRel|Win32.ActiveCfg = MinSizeRel|Win32
		{931266DD-70C9-3C00-84F0-70DEF59E2EC3}.MinSizeRel|Win32.Build.0 = MinSizeRel|Win32
		{931266DD-70C9-3C00-84F0-70DEF59E2EC3}.RelWithDebInfo|Win32.ActiveCfg = RelWithDebInfo|Win32
		{931266DD-70C9-3C00-84F0-70DEF59E2EC3}.RelWithDebInfo|Win32.Build.0 = RelWithDebInfo|Win32
		{4C946C33-57D7-35C8-9039-44DE095DA792}.Debug|Win32.ActiveCfg = Debug|Win32
		{4C946C33-57D7-35C8-9039-44DE095DA792}.Debug|Win32.Build.0 = Debug|Win32
		{4C946C33-57D7-35C8-9039-44DE095DA792}.Release|Win32.ActiveCfg = Release|Win32
		{4C946C33-57D7-35C8-9039-44DE095DA792}.Release|Win32.Build.0 = Release|Win32
		{4C946C33-57D7-35C8-9039-44DE095DA792}.MinSizeRel|Win32.ActiveCfg = MinSizeRel|Win32
		{4C946C33-57D7-35C8-9039-44DE095DA792}.MinSizeRel|Win32.Build.0 = MinSizeRel|Win32
		{4C946C33-57D7-35C8-9039-44DE095DA792}.RelWithDebInfo|Win32.ActiveCfg = RelWithDebInfo|Win32
		{4C946C33-57D7-35C8-9039-44DE095DA792}.RelWithDebInfo|Win32.Build.0 = RelWithDebInfo|Win32
		{45EC1A6C-FF82-312E-BE52-C3C26B6D3C34}.Debug|Win32.ActiveCfg = Debug|Win32
		{45EC1A6C-FF82-312E-BE52-C3C26B6D3C34}.Debug|Win32.Build.0 = Debug|Win32
		{45EC1A6C-FF82-312E-BE52-C3C26B6D3C34}.Release|Win32.ActiveCfg = Release|Win32
		{45EC1A6C-FF82-312E-BE52-C3C26B6D3C34}.Release|Win32.Build.0 = Release|Win32
		{45EC1A6C-FF82-312E-BE52-C3C26B6D3C34}.MinSizeRel|Win32.ActiveCfg = MinSizeRel|Win32
		{45EC1A6C-FF82-312E-BE52-C3C26B6D3C34}.MinSizeRel|Win32.Build.0 = MinSizeRel|Win32
		{45EC1A6C-FF82-312E-BE52-C3C26B6D3C34}.RelWithDebInfo|Win32.ActiveCfg = RelWithDebInfo|Win32
		{45EC1A6C-FF82-312E-BE52-C3C26B6D3C34}.RelWithDebInfo|Win32.Build.0 = RelWithDebInfo|Win32
		{FF3A1945-1A32-3D2B-90BA-C2DC520FCB95}.Debug|Win32.ActiveCfg = Debug|Win32
		{FF3A1945-1A32-3D2B-90BA-C2DC520FCB95}.Debug|Win32.Build.0 = Debug|Win32
		{FF3A1945-1A32-3D2B-90BA-C2DC520FCB95}.Release|Win32.ActiveCfg = Release|Win32
		{FF3A1945-1A32-3D2B-90BA-C2DC520FCB95}.Release|Win32.Build.0 = Release|Win32
		{FF3A1945-1A32-3D2B-90BA-C2DC520FCB95}.MinSizeRel|Win32.ActiveCfg = MinSizeRel|Win32
		{FF3A1945-1A32-3D2B-90BA-C2DC520FCB95}.MinSizeRel|Win32.Build.0 = MinSizeRel|Win32
		{FF3A1945-1A32-3D2B-90BA-C2DC520FCB95}.RelWithDebInfo|Win32.ActiveCfg = RelWithDebInfo|Win32
		{FF3A1945-1A32-3D2B-90BA-C2DC520FCB95}.RelWithDebInfo|Win32.Build.0 = RelWithDebInfo|Win32
		{1C398B99-BB94-3C22-8064-04F749F93BDE}.Debug|Win32.ActiveCfg = Debug|Win32
		{1C398B99-BB94-3C22-8064-04F749F93BDE}.Debug|Win32.Build.0 = Debug|Win32
		{1C398B99-BB94-3C22-8064-04F749F93BDE}.Release|Win32.ActiveCfg = Release|Win32
		{1C398B99-BB94-3C22-8064-04F749F93BDE}.Release|Win32.Build.0 = Release|Win32
		{1C398B99-BB94-3C22-8064-04F749F93BDE}.MinSizeRel|Win32.ActiveCfg = MinSizeRel|Win32
		{1C398B99-BB94-3C22-8064-04F749F93BDE}.MinSizeRel|Win32.Build.0 = MinSizeRel|Win32
		{1C398B99-BB94-3C22-8064-04F749F93BDE}.RelWithDebInfo|Win32.ActiveCfg = RelWithDebInfo|Win32
		{1C398B99-BB94-3C22-8064-04F749F93BDE}.RelWithDebInfo|Win32.Build.0 = RelWithDebInfo|Win32
		{9C82FA7D-F1BD-3986-A5B9-BA1C0C65F525}.Debug|Win32.ActiveCfg = Debug|Win32
		{9C82FA7D-F1BD-3986-A5B9-BA1C0C65F525}.Debug|Win32.Build.0 = Debug|Win32
		{9C82FA7D-F1BD-3986-A5B9-BA1C0C65F525}.Release|Win32.ActiveCfg = Release|Win32
		{9C82FA7D-F1BD-3986-A5B9-BA1C0C65F525}.Release|Win32.Build.0 = Release|Win32
		{9C82FA7D-F1BD-3986-A5B9-BA1C0C65F525}.MinSizeRel|Win32.ActiveCfg = MinSizeRel|Win32
		{9C82FA7D-F1BD-3986-A5B9-BA1C0C65F525}.MinSizeRel|Win32.Build.0 = MinSizeRel|Win32
		{9C82FA7D-F1BD-3986-A5B9-BA1C0C65F525}.RelWithDebInfo|Win32.ActiveCfg = RelWithDebInfo|Win32
		{9C82FA7D-F1BD-3986-A5B9-BA1C0C65F525}.RelWithDebInfo|Win32.Build.0 = RelWithDebInfo|Win32
		{1F8F23DC-D142-3C16-8DE9-B91A29D86077}.Debug|Win32.ActiveCfg = Debug|Win32
		{1F8F23DC-D142-3C16-8DE9-B91A29D86077}.Debug|Win32.Build.0 = Debug|Win32
		{1F8F23DC-D142-3C16-8DE9-B91A29D86077}.Release|Win32.ActiveCfg = Release|Win32
		{1F8F23DC-D142-3C16-8DE9-B91A29D86077}.Release|Win32.Build.0 = Release|Win32
		{1F8F23DC-D142-3C16-8DE9-B91A29D86077}.MinSizeRel|Win32.ActiveCfg = MinSizeRel|Win32
		{1F8F23DC-D142-3C16-8DE9-B91A29D86077}.MinSizeRel|Win32.Build.0 = MinSizeRel|Win32
		{1F8F23DC-D142-3C16-8DE9-B91A29D86077}.RelWithDebInfo|Win32.ActiveCfg = RelWithDebInfo|Win32
		{1F8F23DC-D142-3C16-8DE9-B91A29D86077}.RelWithDebInfo|Win32.Build.0 = RelWithDebInfo|Win32
		{3E32B89A-766A-31CB-BB3B-A06C4CED0861}.Debug|Win32.ActiveCfg = Debug|Win32
		{3E32B89A-766A-31CB-BB3B-A06C4CED0861}.Debug|Win32.Build.0 = Debug|Win32
		{3E32B89A-766A-31CB-BB3B-A06C4CED0861}.Release|Win32.ActiveCfg = Release|Win32
		{3E32B89A-766A-31CB-BB3B-A06C4CED0861}.Release|Win32.Build.0 = Release|Win32
		{3E32B89A-766A-31CB-BB3B-A06C4CED0861}.MinSizeRel|Win32.ActiveCfg = MinSizeRel|Win32
		{3E32B89A-766A-31CB-BB3B-A06C4CED0861}.MinSizeRel|Win32.Build.0 = MinSizeRel|Win32
		{3E32B89A-766A-31CB-BB3B-A06C4CED0861}.RelWithDebInfo|Win32.ActiveCfg = RelWithDebInfo|Win32
		{3E32B89A-766A-31CB-BB3B-A06C4CED0861}.RelWithDebInfo|Win32.Build.0 = RelWithDebInfo|Win32
		{940361FB-2D4B-3B71-808A-1F04E76DB3EA}.Debug|Win32.ActiveCfg = Debug|Win32
		{940361FB-2D4B-3B71-808A-1F04E76DB3EA}.Debug|Win32.Build.0 = Debug|Win32
		{940361FB-2D4B-3B71-808A-1F04E76DB3EA}.Release|Win32.ActiveCfg = Release|Win32
		{940361FB-2D4B-3B71-808A-1F04E76DB3EA}.Release|Win32.Build.0 = Release|Win32
		{940361FB-2D4B-3B71-808A-1F04E76DB3EA}.MinSizeRel|Win32.ActiveCfg = MinSizeRel|Win32
		{940361FB-2D4B-3B71-808A-1F04E76DB3EA}.MinSizeRel|Win32.Build.0 = MinSizeRel|Win32
		{940361FB-2D4B-3B71-808A-1F04E76DB3EA}.RelWithDebInfo|Win32.ActiveCfg = RelWithDebInfo|Win32
		{940361FB-2D4B-3B71-808A-1F04E76DB3EA}.RelWithDebInfo|Win32.Build.0 = RelWithDebInfo|Win32
		{76CC60B8-A004-3AC8-9F9E-455625F799F2}.Debug|Win32.ActiveCfg = Debug|Win32
		{76CC60B8-A004-3AC8-9F9E-455625F799F2}.Debug|Win32.Build.0 = Debug|Win32
		{76CC60B8-A004-3AC8-9F9E-455625F799F2}.Release|Win32.ActiveCfg = Release|Win32
		{76CC60B8-A004-3AC8-9F9E-455625F799F2}.Release|Win32.Build.0 = Release|Win32
		{76CC60B8-A004-3AC8-9F9E-455625F799F2}.MinSizeRel|Win32.ActiveCfg = MinSizeRel|Win32
		{76CC60B8-A004-3AC8-9F9E-455625F799F2}.MinSizeRel|Win32.Build.0 = MinSizeRel|Win32
		{76CC60B8-A004-3AC8-9F9E-455625F799F2}.RelWithDebInfo|Win32.ActiveCfg = RelWithDebInfo|Win32
		{76CC60B8-A004-3AC8-9F9E-455625F799F2}.RelWithDebInfo|Win32.Build.0 = RelWithDebInfo|Win32
		{05EC76D4-498E-31CA-888E-F27CF7D62371}.Debug|Win32.ActiveCfg = Debug|Win32
		{05EC76D4-498E-31CA-888E-F27CF7D62371}.Debug|Win32.Build.0 = Debug|Win32
		{05EC76D4-498E-31CA-888E-F27CF7D62371}.Release|Win32.ActiveCfg = Release|Win32
		{05EC76D4-498E-31CA-888E-F27CF7D62371}.Release|Win32.Build.0 = Release|Win32
		{05EC76D4-498E-31CA-888E-F27CF7D62371}.MinSizeRel|Win32.ActiveCfg = MinSizeRel|Win32
		{05EC76D4-498E-31CA-888E-F27CF7D62371}.MinSizeRel|Win32.Build.0 = MinSizeRel|Win32
		{05EC76D4-498E-31CA-888E-F27CF7D62371}.RelWithDebInfo|Win32.ActiveCfg = RelWithDebInfo|Win32
		{05EC76D4-498E-31CA-888E-F27CF7D62371}.RelWithDebInfo|Win32.Build.0 = RelWithDebInfo|Win32
		{984370C1-32BC-3593-AA0F-599E76517733}.Debug|Win32.ActiveCfg = Debug|Win32
		{984370C1-32BC-3593-AA0F-599E76517733}.Debug|Win32.Build.0 = Debug|Win32
		{984370C1-32BC-3593-AA0F-599E76517733}.Release|Win32.ActiveCfg = Release|Win32
		{984370C1-32BC-3593-AA0F-599E76517733}.Release|Win32.Build.0 = Release|Win32
		{984370C1-32BC-3593-AA0F-599E76517733}.MinSizeRel|Win32.ActiveCfg = MinSizeRel|Win32
		{984370C1-32BC-3593-AA0F-599E76517733}.MinSizeRel|Win32.Build.0 = MinSizeRel|Win32
		{984370C1-32BC-3593-AA0F-599E76517733}.RelWithDebInfo|Win32.ActiveCfg = RelWithDebInfo|Win32
		{984370C1-32BC-3593-AA0F-599E76517733}.RelWithDebInfo|Win32.Build.0 = RelWithDebInfo|Win32
		{E960C3DB-2AF9-3E16-BDA0-F4C47A0CD12F}.Debug|Win32.ActiveCfg = Debug|Win32
		{E960C3DB-2AF9-3E16-BDA0-F4C47A0CD12F}.Release|Win32.ActiveCfg = Release|Win32
		{E960C3DB-2AF9-3E16-BDA0-F4C47A0CD12F}.MinSizeRel|Win32.ActiveCfg = MinSizeRel|Win32
		{E960C3DB-2AF9-3E16-BDA0-F4C47A0CD12F}.RelWithDebInfo|Win32.ActiveCfg = RelWithDebInfo|Win32
		{C25F66DC-B900-337D-9BC3-D1E1A0823021}.Debug|Win32.ActiveCfg = Debug|Win32
		{C25F66DC-B900-337D-9BC3-D1E1A0823021}.Debug|Win32.Build.0 = Debug|Win32
		{C25F66DC-B900-337D-9BC3-D1E1A0823021}.Release|Win32.ActiveCfg = Release|Win32
		{C25F66DC-B900-337D-9BC3-D1E1A0823021}.Release|Win32.Build.0 = Release|Win32
		{C25F66DC-B900-337D-9BC3-D1E1A0823021}.MinSizeRel|Win32.ActiveCfg = MinSizeRel|Win32
		{C25F66DC-B900-337D-9BC3-D1E1A0823021}.MinSizeRel|Win32.Build.0 = MinSizeRel|Win32
		{C25F66DC-B900-337D-9BC3-D1E1A0823021}.RelWithDebInfo|Win32.ActiveCfg = RelWithDebInfo|Win32
		{C25F66DC-B900-337D-9BC3-D1E1A0823021}.RelWithDebInfo|Win32.Build.0 = RelWithDebInfo|Win32
		{431F56B7-B7B8-3465-981D-C1B925F6F83F}.Debug|Win32.ActiveCfg = Debug|Win32
		{431F56B7-B7B8-3465-981D-C1B925F6F83F}.Debug|Win32.Build.0 = Debug|Win32
		{431F56B7-B7B8-3465-981D-C1B925F6F83F}.Release|Win32.ActiveCfg = Release|Win32
		{431F56B7-B7B8-3465-981D-C1B925F6F83F}.Release|Win32.Build.0 = Release|Win32
		{431F56B7-B7B8-3465-981D-C1B925F6F83F}.MinSizeRel|Win32.ActiveCfg = MinSizeRel|Win32
		{431F56B7-B7B8-3465-981D-C1B925F6F83F}.MinSizeRel|Win32.Build.0 = MinSizeRel|Win32
		{431F56B7-B7B8-3465-981D-C1B925F6F83F}.RelWithDebInfo|Win32.ActiveCfg = RelWithDebInfo|Win32
		{431F56B7-B7B8-3465-981D-C1B925F6F83F}.RelWithDebInfo|Win32.Build.0 = RelWithDebInfo|Win32
		{5AF4A504-B276-3D93-91CA-91DD19F6D21F}.Debug|Win32.ActiveCfg = Debug|Win32
		{5AF4A504-B276-3D93-91CA-91DD19F6D21F}.Debug|Win32.Build.0 = Debug|Win32
		{5AF4A504-B276-3D93-91CA-91DD19F6D21F}.Release|Win32.ActiveCfg = Release|Win32
		{5AF4A504-B276-3D93-91CA-91DD19F6D21F}.Release|Win32.Build.0 = Release|Win32
		{5AF4A504-B276-3D93-91CA-91DD19F6D21F}.MinSizeRel|Win32.ActiveCfg = MinSizeRel|Win32
		{5AF4A504-B276-3D93-91CA-91DD19F6D21F}.MinSizeRel|Win32.Build.0 = MinSizeRel|Win32
		{5AF4A504-B276-3D93-91CA-91DD19F6D21F}.RelWithDebInfo|Win32.ActiveCfg = RelWithDebInfo|Win32
		{5AF4A504-B276-3D93-91CA-91DD19F6D21F}.RelWithDebInfo|Win32.Build.0 = RelWithDebInfo|Win32
		{A4B6B303-7BF4-3173-B329-4B916FF49EE6}.Debug|Win32.ActiveCfg = Debug|Win32
		{A4B6B303-7BF4-3173-B329-4B916FF49EE6}.Debug|Win32.Build.0 = Debug|Win32
		{A4B6B303-7BF4-3173-B329-4B916FF49EE6}.Release|Win32.ActiveCfg = Release|Win32
		{A4B6B303-7BF4-3173-B329-4B916FF49EE6}.Release|Win32.Build.0 = Release|Win32
		{A4B6B303-7BF4-3173-B329-4B916FF49EE6}.MinSizeRel|Win32.ActiveCfg = MinSizeRel|Win32
		{A4B6B303-7BF4-3173-B329-4B916FF49EE6}.MinSizeRel|Win32.Build.0 = MinSizeRel|Win32
		{A4B6B303-7BF4-3173-B329-4B916FF49EE6}.RelWithDebInfo|Win32.ActiveCfg = RelWithDebInfo|Win32
		{A4B6B303-7BF4-3173-B329-4B916FF49EE6}.RelWithDebInfo|Win32.Build.0 = RelWithDebInfo|Win32
		{4B1AE87E-9A0E-3415-B494-A4B73A925004}.Debug|Win32.ActiveCfg = Debug|Win32
		{4B1AE87E-9A0E-3415-B494-A4B73A925004}.Debug|Win32.Build.0 = Debug|Win32
		{4B1AE87E-9A0E-3415-B494-A4B73A925004}.Release|Win32.ActiveCfg = Release|Win32
		{4B1AE87E-9A0E-3415-B494-A4B73A925004}.Release|Win32.Build.0 = Release|Win32
		{4B1AE87E-9A0E-3415-B494-A4B73A925004}.MinSizeRel|Win32.ActiveCfg = MinSizeRel|Win32
		{4B1AE87E-9A0E-3415-B494-A4B73A925004}.MinSizeRel|Win32.Build.0 = MinSizeRel|Win32
		{4B1AE87E-9A0E-3415-B494-A4B73A925004}.RelWithDebInfo|Win32.ActiveCfg = RelWithDebInfo|Win32
		{4B1AE87E-9A0E-3415-B494-A4B73A925004}.RelWithDebInfo|Win32.Build.0 = RelWithDebInfo|Win32
		{0168AD53-C11E-311D-98B1-2D8F8B8B361B}.Debug|Win32.ActiveCfg = Debug|Win32
		{0168AD53-C11E-311D-98B1-2D8F8B8B361B}.Debug|Win32.Build.0 = Debug|Win32
		{0168AD53-C11E-311D-98B1-2D8F8B8B361B}.Release|Win32.ActiveCfg = Release|Win32
		{0168AD53-C11E-311D-98B1-2D8F8B8B361B}.Release|Win32.Build.0 = Release|Win32
		{0168AD53-C11E-311D-98B1-2D8F8B8B361B}.MinSizeRel|Win32.ActiveCfg = MinSizeRel|Win32
		{0168AD53-C11E-311D-98B1-2D8F8B8B361B}.MinSizeRel|Win32.Build.0 = MinSizeRel|Win32
		{0168AD53-C11E-311D-98B1-2D8F8B8B361B}.RelWithDebInfo|Win32.ActiveCfg = RelWithDebInfo|Win32
		{0168AD53-C11E-311D-98B1-2D8F8B8B361B}.RelWithDebInfo|Win32.Build.0 = RelWithDebInfo|Win32
		{87E3D3FA-CD73-302B-B2EA-CCCDF2C69A64}.Debug|Win32.ActiveCfg = Debug|Win32
		{87E3D3FA-CD73-302B-B2EA-CCCDF2C69A64}.Debug|Win32.Build.0 = Debug|Win32
		{87E3D3FA-CD73-302B-B2EA-CCCDF2C69A64}.Release|Win32.ActiveCfg = Release|Win32
		{87E3D3FA-CD73-302B-B2EA-CCCDF2C69A64}.Release|Win32.Build.0 = Release|Win32
		{87E3D3FA-CD73-302B-B2EA-CCCDF2C69A64}.MinSizeRel|Win32.ActiveCfg = MinSizeRel|Win32
		{87E3D3FA-CD73-302B-B2EA-CCCDF2C69A64}.MinSizeRel|Win32.Build.0 = MinSizeRel|Win32
		{87E3D3FA-CD73-302B-B2EA-CCCDF2C69A64}.RelWithDebInfo|Win32.ActiveCfg = RelWithDebInfo|Win32
		{87E3D3FA-CD73-302B-B2EA-CCCDF2C69A64}.RelWithDebInfo|Win32.Build.0 = RelWithDebInfo|Win32
		{6CBFA268-DA1F-34AA-9866-4E3AC853A7DF}.Debug|Win32.ActiveCfg = Debug|Win32
		{6CBFA268-DA1F-34AA-9866-4E3AC853A7DF}.Debug|Win32.Build.0 = Debug|Win32
		{6CBFA268-DA1F-34AA-9866-4E3AC853A7DF}.Release|Win32.ActiveCfg = Release|Win32
		{6CBFA268-DA1F-34AA-9866-4E3AC853A7DF}.Release|Win32.Build.0 = Release|Win32
		{6CBFA268-DA1F-34AA-9866-4E3AC853A7DF}.MinSizeRel|Win32.ActiveCfg = MinSizeRel|Win32
		{6CBFA268-DA1F-34AA-9866-4E3AC853A7DF}.MinSizeRel|Win32.Build.0 = MinSizeRel|Win32
		{6CBFA268-DA1F-34AA-9866-4E3AC853A7DF}.RelWithDebInfo|Win32.ActiveCfg = RelWithDebInfo|Win32
		{6CBFA268-DA1F-34AA-9866-4E3AC853A7DF}.RelWithDebInfo|Win32.Build.0 = RelWithDebInfo|Win32
		{BFBF7660-A90A-37F9-BC4D-C72473ABE46C}.Debug|Win32.ActiveCfg = Debug|Win32
		{BFBF7660-A90A-37F9-BC4D-C72473ABE46C}.Debug|Win32.Build.0 = Debug|Win32
		{BFBF7660-A90A-37F9-BC4D-C72473ABE46C}.Release|Win32.ActiveCfg = Release|Win32
		{BFBF7660-A90A-37F9-BC4D-C72473ABE46C}.Release|Win32.Build.0 = Release|Win32
		{BFBF7660-A90A-37F9-BC4D-C72473ABE46C}.MinSizeRel|Win32.ActiveCfg = MinSizeRel|Win32
		{BFBF7660-A90A-37F9-BC4D-C72473ABE46C}.MinSizeRel|Win32.Build.0 = MinSizeRel|Win32
		{BFBF7660-A90A-37F9-BC4D-C72473ABE46C}.RelWithDebInfo|Win32.ActiveCfg = RelWithDebInfo|Win32
		{BFBF7660-A90A-37F9-BC4D-C72473ABE46C}.RelWithDebInfo|Win32.Build.0 = RelWithDebInfo|Win32
	EndGlobalSection
	GlobalSection(NestedProjects) = preSolution
		{15880B2F-17C5-3BCF-A23A-D9D6092D2118} = {A8FA6FCC-2905-370A-8566-A05D3EC37B1E}
		{E960C3DB-2AF9-3E16-BDA0-F4C47A0CD12F} = {A8FA6FCC-2905-370A-8566-A05D3EC37B1E}
		{BFBF7660-A90A-37F9-BC4D-C72473ABE46C} = {A8FA6FCC-2905-370A-8566-A05D3EC37B1E}
		{40E234F1-1F8C-3311-B567-7C52B5F4B72D} = {261B24F1-80A8-3DBC-BFC8-CF19B952696B}
		{8EBB77E8-FEF9-3116-8A91-9669C9C9B734} = {261B24F1-80A8-3DBC-BFC8-CF19B952696B}
		{76889924-A6A6-3EA0-B147-99D693851752} = {261B24F1-80A8-3DBC-BFC8-CF19B952696B}
		{D02B7D00-8F2C-3480-9BBF-EE019B7A4E50} = {261B24F1-80A8-3DBC-BFC8-CF19B952696B}
		{33486127-CA4E-3423-82C9-4EBCD0C29462} = {261B24F1-80A8-3DBC-BFC8-CF19B952696B}
		{CE8268F1-062D-3B17-B4A7-B9B308543127} = {261B24F1-80A8-3DBC-BFC8-CF19B952696B}
		{CE790B93-A507-3054-83F9-2FA075873AB5} = {261B24F1-80A8-3DBC-BFC8-CF19B952696B}
		{931266DD-70C9-3C00-84F0-70DEF59E2EC3} = {261B24F1-80A8-3DBC-BFC8-CF19B952696B}
		{4C946C33-57D7-35C8-9039-44DE095DA792} = {261B24F1-80A8-3DBC-BFC8-CF19B952696B}
		{45EC1A6C-FF82-312E-BE52-C3C26B6D3C34} = {261B24F1-80A8-3DBC-BFC8-CF19B952696B}
		{FF3A1945-1A32-3D2B-90BA-C2DC520FCB95} = {261B24F1-80A8-3DBC-BFC8-CF19B952696B}
		{1C398B99-BB94-3C22-8064-04F749F93BDE} = {261B24F1-80A8-3DBC-BFC8-CF19B952696B}
		{9C82FA7D-F1BD-3986-A5B9-BA1C0C65F525} = {261B24F1-80A8-3DBC-BFC8-CF19B952696B}
		{1F8F23DC-D142-3C16-8DE9-B91A29D86077} = {261B24F1-80A8-3DBC-BFC8-CF19B952696B}
		{3E32B89A-766A-31CB-BB3B-A06C4CED0861} = {261B24F1-80A8-3DBC-BFC8-CF19B952696B}
		{940361FB-2D4B-3B71-808A-1F04E76DB3EA} = {261B24F1-80A8-3DBC-BFC8-CF19B952696B}
		{05EC76D4-498E-31CA-888E-F27CF7D62371} = {261B24F1-80A8-3DBC-BFC8-CF19B952696B}
		{984370C1-32BC-3593-AA0F-599E76517733} = {261B24F1-80A8-3DBC-BFC8-CF19B952696B}
		{C25F66DC-B900-337D-9BC3-D1E1A0823021} = {261B24F1-80A8-3DBC-BFC8-CF19B952696B}
		{431F56B7-B7B8-3465-981D-C1B925F6F83F} = {261B24F1-80A8-3DBC-BFC8-CF19B952696B}
		{A4B6B303-7BF4-3173-B329-4B916FF49EE6} = {261B24F1-80A8-3DBC-BFC8-CF19B952696B}
		{4B1AE87E-9A0E-3415-B494-A4B73A925004} = {261B24F1-80A8-3DBC-BFC8-CF19B952696B}
		{0168AD53-C11E-311D-98B1-2D8F8B8B361B} = {261B24F1-80A8-3DBC-BFC8-CF19B952696B}
		{87E3D3FA-CD73-302B-B2EA-CCCDF2C69A64} = {261B24F1-80A8-3DBC-BFC8-CF19B952696B}
		{6CBFA268-DA1F-34AA-9866-4E3AC853A7DF} = {261B24F1-80A8-3DBC-BFC8-CF19B952696B}
		{76CC60B8-A004-3AC8-9F9E-455625F799F2} = {AAEA2F09-672C-387E-9C8E-4AAB4ABDA362}
		{5AF4A504-B276-3D93-91CA-91DD19F6D21F} = {AAEA2F09-672C-387E-9C8E-4AAB4ABDA362}
	EndGlobalSection
	GlobalSection(ExtensibilityGlobals) = postSolution
		SolutionGuid = {5A4060F5-0788-3C35-AA1F-67F3E42EC2AF}
	EndGlobalSection
	GlobalSection(ExtensibilityAddIns) = postSolution
	EndGlobalSection
EndGlobal
