<?xml version="1.0" encoding="utf-8"?>
<Project ToolsVersion="4.0" xmlns="http://schemas.microsoft.com/developer/msbuild/2003">
  <ItemGroup>
    <Filter Include="inc">
      <UniqueIdentifier>{13cf4017-e265-4fb0-aa9e-39429b0a9d46}</UniqueIdentifier>
    </Filter>
    <Filter Include="include">
      <UniqueIdentifier>{de8c8463-7328-4022-b84d-f46fac802a95}</UniqueIdentifier>
    </Filter>
    <Filter Include="common">
      <UniqueIdentifier>{ae47a9db-e102-46ac-ba85-810bd8b9b02a}</UniqueIdentifier>
    </Filter>
    <Filter Include="src">
      <UniqueIdentifier>{e5524652-31ff-46e8-8057-8f0f84ded950}</UniqueIdentifier>
    </Filter>
  </ItemGroup>
  <ItemGroup>
    <ClInclude Include="..\..\..\..\..\source\include\platform_export.h">
      <Filter>include</Filter>
    </ClInclude>
    <ClInclude Include="..\..\..\..\..\source\include\zsofts_compiler_specific.h">
      <Filter>include</Filter>
    </ClInclude>
    <ClInclude Include="..\..\..\..\..\source\include\zsofts_platform.h">
      <Filter>include</Filter>
    </ClInclude>
    <ClInclude Include="..\..\..\..\..\source\include\zsofts_types.h">
      <Filter>include</Filter>
    </ClInclude>
    <ClInclude Include="..\..\..\..\..\source\include\zsofts_windows_ver.h">
      <Filter>include</Filter>
    </ClInclude>
    <ClInclude Include="..\..\..\..\..\source\Basic\Platform\inc\framework.h">
      <Filter>inc</Filter>
    </ClInclude>
    <ClInclude Include="..\..\..\..\..\source\Basic\Platform\inc\pch.h">
      <Filter>inc</Filter>
    </ClInclude>
    <ClInclude Include="..\..\..\..\..\source\include\tzsofts_str_operations.h">
      <Filter>include</Filter>
    </ClInclude>
    <ClInclude Include="..\..\..\..\..\source\include\tzsofts_assert.h">
      <Filter>include</Filter>
    </ClInclude>
    <ClInclude Include="..\..\..\..\..\source\include\tzsofts_debug_utils.h">
      <Filter>include</Filter>
    </ClInclude>
    <ClInclude Include="..\..\..\..\..\source\include\tzsofts_trace_util.h">
      <Filter>include</Filter>
    </ClInclude>
    <ClInclude Include="..\..\..\..\..\source\include\tzsofts_lock.h">
      <Filter>include</Filter>
    </ClInclude>
    <ClInclude Include="..\..\..\..\..\source\include\tzsofts_platform_utils.h">
      <Filter>include</Filter>
    </ClInclude>
    <ClInclude Include="..\..\..\..\..\source\include\tzsofts_math.h">
      <Filter>include</Filter>
    </ClInclude>
    <ClInclude Include="..\..\..\..\..\source\include\tzsofts_ref_counter.h">
      <Filter>include</Filter>
    </ClInclude>
  </ItemGroup>
  <ItemGroup>
    <ClCompile Include="..\..\..\..\..\source\Basic\Platform\src\dllmain.cpp">
      <Filter>src</Filter>
    </ClCompile>
    <ClCompile Include="..\..\..\..\..\source\Basic\Platform\src\pch.cpp">
      <Filter>src</Filter>
    </ClCompile>
    <ClCompile Include="..\..\..\..\..\source\Basic\Platform\src\tzsofts_assert.cpp">
      <Filter>src</Filter>
    </ClCompile>
    <ClCompile Include="..\..\..\..\..\source\Basic\Platform\src\tzsofts_trace_util.cpp">
      <Filter>src</Filter>
    </ClCompile>
    <ClCompile Include="..\..\..\..\..\source\Basic\Platform\src\tzsofts_lock.cpp">
      <Filter>src</Filter>
    </ClCompile>
    <ClCompile Include="..\..\..\..\..\source\Basic\Platform\src\tzsofts_platform_utils.cpp">
      <Filter>src</Filter>
    </ClCompile>
    <ClCompile Include="..\..\..\..\..\source\Basic\Platform\src\tzsofts_target_winver.cpp">
      <Filter>src</Filter>
    </ClCompile>
  </ItemGroup>
</Project>