<?xml version="1.0" encoding="utf-8"?>
<Project ToolsVersion="15.0" xmlns="http://schemas.microsoft.com/developer/msbuild/2003">
  <ItemGroup>
    <ClCompile Include="D:\Projects\TZOpenTools\DesignPattern\code\Create\Singleton\main.cpp">
      <Filter>Source Files</Filter>
    </ClCompile>
  </ItemGroup>
  <ItemGroup>
    <ClInclude Include="D:\Projects\TZOpenTools\DesignPattern\code\Create\Singleton\SingleTon.h">
      <Filter>Header Files</Filter>
    </ClInclude>
  </ItemGroup>
  <ItemGroup>
    <CustomBuild Include="D:\Projects\TZOpenTools\DesignPattern\code\Create\Singleton\CMakeLists.txt" />
  </ItemGroup>
  <ItemGroup>
    <Filter Include="Header Files">
      <UniqueIdentifier>{EADCFE7A-56CA-3260-9458-67DFEFA7567A}</UniqueIdentifier>
    </Filter>
    <Filter Include="Source Files">
      <UniqueIdentifier>{BE412D23-34F2-35F8-A780-45562BE208F3}</UniqueIdentifier>
    </Filter>
  </ItemGroup>
</Project>
